{
    "_meta": {
        "hash": {
            "sha256": "2bbae7abb56bbd64f3fc7cfa15a768f7dd89d4c2f938ac867c8b08674c62d640"
        },
        "pipfile-spec": 6,
        "requires": {
            "python_version": "3.11"
        },
        "sources": [
            {
                "name": "pypi",
                "url": "https://pypi.org/simple",
                "verify_ssl": true
            }
        ]
    },
    "default": {
        "py4j": {
            "hashes": [
                "sha256:276a4a3c5a2154df1860ef3303a927460e02e97b047dc0a47c1c3fb8cce34db6",
                "sha256:52d171a6a2b031d8a5d1de6efe451cf4f5baff1a2819aabc3741c8406539ba04"
            ],
            "version": "==0.10.9.5"
        },
        "pyspark": {
            "hashes": [
                "sha256:0dfd5db4300c1f6cc9c16d8dbdfb82d881b4b172984da71344ede1a9d4893da8"
            ],
            "index": "pypi",
            "version": "==3.3.2"
        }
    },
    "develop": {}
}
